// !$*UTF8*$!
{
	archiveVersion = 1;
	classes = {
	};
	objectVersion = 48;
	objects = {

/* Begin PBXBuildFile section */
		9260A64A2033F6840040785D /* Gallery.swift in Sources */ = {isa = PBXBuildFile; fileRef = 9260A6492033F6840040785D /* Gallery.swift */; };
		928F15C3202EB7F500F72D62 /* AppDelegate.swift in Sources */ = {isa = PBXBuildFile; fileRef = 928F15C2202EB7F500F72D62 /* AppDelegate.swift */; };
		928F15C8202EB7F500F72D62 /* Main.storyboard in Resources */ = {isa = PBXBuildFile; fileRef = 928F15C6202EB7F500F72D62 /* Main.storyboard */; };
		928F15CA202EB7F500F72D62 /* Assets.xcassets in Resources */ = {isa = PBXBuildFile; fileRef = 928F15C9202EB7F500F72D62 /* Assets.xcassets */; };
		928F15CD202EB7F500F72D62 /* LaunchScreen.storyboard in Resources */ = {isa = PBXBuildFile; fileRef = 928F15CB202EB7F500F72D62 /* LaunchScreen.storyboard */; };
		928F15D6202EB87E00F72D62 /* Utilities.swift in Sources */ = {isa = PBXBuildFile; fileRef = 928F15D5202EB87E00F72D62 /* Utilities.swift */; };
		928F15D8202EBE4900F72D62 /* ImageGalleryViewController.swift in Sources */ = {isa = PBXBuildFile; fileRef = 928F15D7202EBE4900F72D62 /* ImageGalleryViewController.swift */; };
		928F15DA202EC88100F72D62 /* ImageCollectionViewCell.swift in Sources */ = {isa = PBXBuildFile; fileRef = 928F15D9202EC88100F72D62 /* ImageCollectionViewCell.swift */; };
		92E1C165203015110081B393 /* GalleryTableViewController.swift in Sources */ = {isa = PBXBuildFile; fileRef = 92E1C164203015110081B393 /* GalleryTableViewController.swift */; };
		92E1C167203045150081B393 /* GalleryTableViewCell.swift in Sources */ = {isa = PBXBuildFile; fileRef = 92E1C166203045150081B393 /* GalleryTableViewCell.swift */; };
		92E1C16920305B470081B393 /* ImageViewController.swift in Sources */ = {isa = PBXBuildFile; fileRef = 92E1C16820305B470081B393 /* ImageViewController.swift */; };
/* End PBXBuildFile section */

/* Begin PBXFileReference section */
		9260A6492033F6840040785D /* Gallery.swift */ = {isa = PBXFileReference; lastKnownFileType = sourcecode.swift; path = Gallery.swift; sourceTree = "<group>"; };
		928F15BF202EB7F500F72D62 /* Image Gallery.app */ = {isa = PBXFileReference; explicitFileType = wrapper.application; includeInIndex = 0; path = "Image Gallery.app"; sourceTree = BUILT_PRODUCTS_DIR; };
		928F15C2202EB7F500F72D62 /* AppDelegate.swift */ = {isa = PBXFileReference; lastKnownFileType = sourcecode.swift; path = AppDelegate.swift; sourceTree = "<group>"; };
		928F15C7202EB7F500F72D62 /* Base */ = {isa = PBXFileReference; lastKnownFileType = file.storyboard; name = Base; path = Base.lproj/Main.storyboard; sourceTree = "<group>"; };
		928F15C9202EB7F500F72D62 /* Assets.xcassets */ = {isa = PBXFileReference; lastKnownFileType = folder.assetcatalog; path = Assets.xcassets; sourceTree = "<group>"; };
		928F15CC202EB7F500F72D62 /* Base */ = {isa = PBXFileReference; lastKnownFileType = file.storyboard; name = Base; path = Base.lproj/LaunchScreen.storyboard; sourceTree = "<group>"; };
		928F15CE202EB7F500F72D62 /* Info.plist */ = {isa = PBXFileReference; lastKnownFileType = text.plist.xml; path = Info.plist; sourceTree = "<group>"; };
		928F15D5202EB87E00F72D62 /* Utilities.swift */ = {isa = PBXFileReference; fileEncoding = 4; lastKnownFileType = sourcecode.swift; path = Utilities.swift; sourceTree = "<group>"; };
		928F15D7202EBE4900F72D62 /* ImageGalleryViewController.swift */ = {isa = PBXFileReference; lastKnownFileType = sourcecode.swift; path = ImageGalleryViewController.swift; sourceTree = "<group>"; };
		928F15D9202EC88100F72D62 /* ImageCollectionViewCell.swift */ = {isa = PBXFileReference; lastKnownFileType = sourcecode.swift; path = ImageCollectionViewCell.swift; sourceTree = "<group>"; };
		92E1C164203015110081B393 /* GalleryTableViewController.swift */ = {isa = PBXFileReference; lastKnownFileType = sourcecode.swift; path = GalleryTableViewController.swift; sourceTree = "<group>"; };
		92E1C166203045150081B393 /* GalleryTableViewCell.swift */ = {isa = PBXFileReference; lastKnownFileType = sourcecode.swift; path = GalleryTableViewCell.swift; sourceTree = "<group>"; };
		92E1C16820305B470081B393 /* ImageViewController.swift */ = {isa = PBXFileReference; lastKnownFileType = sourcecode.swift; path = ImageViewController.swift; sourceTree = "<group>"; };
/* End PBXFileReference section */

/* Begin PBXFrameworksBuildPhase section */
		928F15BC202EB7F500F72D62 /* Frameworks */ = {
			isa = PBXFrameworksBuildPhase;
			buildActionMask = 2147483647;
			files = (
			);
			runOnlyForDeploymentPostprocessing = 0;
		};
/* End PBXFrameworksBuildPhase section */

/* Begin PBXGroup section */
		928F15B6202EB7F500F72D62 = {
			isa = PBXGroup;
			children = (
				928F15C1202EB7F500F72D62 /* Image Gallery */,
				928F15C0202EB7F500F72D62 /* Products */,
			);
			sourceTree = "<group>";
		};
		928F15C0202EB7F500F72D62 /* Products */ = {
			isa = PBXGroup;
			children = (
				928F15BF202EB7F500F72D62 /* Image Gallery.app */,
			);
			name = Products;
			sourceTree = "<group>";
		};
		928F15C1202EB7F500F72D62 /* Image Gallery */ = {
			isa = PBXGroup;
			children = (
				9260A6492033F6840040785D /* Gallery.swift */,
				92E1C164203015110081B393 /* GalleryTableViewController.swift */,
				92E1C166203045150081B393 /* GalleryTableViewCell.swift */,
				928F15D7202EBE4900F72D62 /* ImageGalleryViewController.swift */,
				928F15D9202EC88100F72D62 /* ImageCollectionViewCell.swift */,
				92E1C16820305B470081B393 /* ImageViewController.swift */,
				928F15C6202EB7F500F72D62 /* Main.storyboard */,
				928F15D5202EB87E00F72D62 /* Utilities.swift */,
				928F15D4202EB82B00F72D62 /* Supporting Files */,
				928F15CE202EB7F500F72D62 /* Info.plist */,
			);
			path = "Image Gallery";
			sourceTree = "<group>";
		};
		928F15D4202EB82B00F72D62 /* Supporting Files */ = {
			isa = PBXGroup;
			children = (
				928F15C9202EB7F500F72D62 /* Assets.xcassets */,
				928F15C2202EB7F500F72D62 /* AppDelegate.swift */,
				928F15CB202EB7F500F72D62 /* LaunchScreen.storyboard */,
			);
			path = "Supporting Files";
			sourceTree = "<group>";
		};
/* End PBXGroup section */

/* Begin PBXNativeTarget section */
		928F15BE202EB7F500F72D62 /* Image Gallery */ = {
			isa = PBXNativeTarget;
			buildConfigurationList = 928F15D1202EB7F500F72D62 /* Build configuration list for PBXNativeTarget "Image Gallery" */;
			buildPhases = (
				928F15BB202EB7F500F72D62 /* Sources */,
				928F15BC202EB7F500F72D62 /* Frameworks */,
				928F15BD202EB7F500F72D62 /* Resources */,
			);
			buildRules = (
			);
			dependencies = (
			);
			name = "Image Gallery";
			productName = "Image Gallery";
			productReference = 928F15BF202EB7F500F72D62 /* Image Gallery.app */;
			productType = "com.apple.product-type.application";
		};
/* End PBXNativeTarget section */

/* Begin PBXProject section */
		928F15B7202EB7F500F72D62 /* Project object */ = {
			isa = PBXProject;
			attributes = {
				LastSwiftUpdateCheck = 0920;
				LastUpgradeCheck = 0920;
				ORGANIZATIONNAME = "Denis Avdeev";
				TargetAttributes = {
					928F15BE202EB7F500F72D62 = {
						CreatedOnToolsVersion = 9.2;
						ProvisioningStyle = Automatic;
					};
				};
			};
			buildConfigurationList = 928F15BA202EB7F500F72D62 /* Build configuration list for PBXProject "Image Gallery" */;
			compatibilityVersion = "Xcode 8.0";
			developmentRegion = en;
			hasScannedForEncodings = 0;
			knownRegions = (
				en,
				Base,
			);
			mainGroup = 928F15B6202EB7F500F72D62;
			productRefGroup = 928F15C0202EB7F500F72D62 /* Products */;
			projectDirPath = "";
			projectRoot = "";
			targets = (
				928F15BE202EB7F500F72D62 /* Image Gallery */,
			);
		};
/* End PBXProject section */

/* Begin PBXResourcesBuildPhase section */
		928F15BD202EB7F500F72D62 /* Resources */ = {
			isa = PBXResourcesBuildPhase;
			buildActionMask = 2147483647;
			files = (
				928F15CD202EB7F500F72D62 /* LaunchScreen.storyboard in Resources */,
				928F15CA202EB7F500F72D62 /* Assets.xcassets in Resources */,
				928F15C8202EB7F500F72D62 /* Main.storyboard in Resources */,
			);
			runOnlyForDeploymentPostprocessing = 0;
		};
/* End PBXResourcesBuildPhase section */

/* Begin PBXSourcesBuildPhase section */
		928F15BB202EB7F500F72D62 /* Sources */ = {
			isa = PBXSourcesBuildPhase;
			buildActionMask = 2147483647;
			files = (
				928F15D8202EBE4900F72D62 /* ImageGalleryViewController.swift in Sources */,
				928F15D6202EB87E00F72D62 /* Utilities.swift in Sources */,
				92E1C167203045150081B393 /* GalleryTableViewCell.swift in Sources */,
				92E1C16920305B470081B393 /* ImageViewController.swift in Sources */,
				92E1C165203015110081B393 /* GalleryTableViewController.swift in Sources */,
				928F15DA202EC88100F72D62 /* ImageCollectionViewCell.swift in Sources */,
				928F15C3202EB7F500F72D62 /* AppDelegate.swift in Sources */,
				9260A64A2033F6840040785D /* Gallery.swift in Sources */,
			);
			runOnlyForDeploymentPostprocessing = 0;
		};
/* End PBXSourcesBuildPhase section */

/* Begin PBXVariantGroup section */
		928F15C6202EB7F500F72D62 /* Main.storyboard */ = {
			isa = PBXVariantGroup;
			children = (
				928F15C7202EB7F500F72D62 /* Base */,
			);
			name = Main.storyboard;
			sourceTree = "<group>";
		};
		928F15CB202EB7F500F72D62 /* LaunchScreen.storyboard */ = {
			isa = PBXVariantGroup;
			children = (
				928F15CC202EB7F500F72D62 /* Base */,
			);
			name = LaunchScreen.storyboard;
			sourceTree = "<group>";
		};
/* End PBXVariantGroup section */

/* Begin XCBuildConfiguration section */
		928F15CF202EB7F500F72D62 /* Debug */ = {
			isa = XCBuildConfiguration;
			buildSettings = {
				ALWAYS_SEARCH_USER_PATHS = NO;
				CLANG_ANALYZER_NONNULL = YES;
				CLANG_ANALYZER_NUMBER_OBJECT_CONVERSION = YES_AGGRESSIVE;
				CLANG_CXX_LANGUAGE_STANDARD = "gnu++14";
				CLANG_CXX_LIBRARY = "libc++";
				CLANG_ENABLE_MODULES = YES;
				CLANG_ENABLE_OBJC_ARC = YES;
				CLANG_WARN_BLOCK_CAPTURE_AUTORELEASING = YES;
				CLANG_WARN_BOOL_CONVERSION = YES;
				CLANG_WARN_COMMA = YES;
				CLANG_WARN_CONSTANT_CONVERSION = YES;
				CLANG_WARN_DIRECT_OBJC_ISA_USAGE = YES_ERROR;
				CLANG_WARN_DOCUMENTATION_COMMENTS = YES;
				CLANG_WARN_EMPTY_BODY = YES;
				CLANG_WARN_ENUM_CONVERSION = YES;
				CLANG_WARN_INFINITE_RECURSION = YES;
				CLANG_WARN_INT_CONVERSION = YES;
				CLANG_WARN_NON_LITERAL_NULL_CONVERSION = YES;
				CLANG_WARN_OBJC_LITERAL_CONVERSION = YES;
				CLANG_WARN_OBJC_ROOT_CLASS = YES_ERROR;
				CLANG_WARN_RANGE_LOOP_ANALYSIS = YES;
				CLANG_WARN_STRICT_PROTOTYPES = YES;
				CLANG_WARN_SUSPICIOUS_MOVE = YES;
				CLANG_WARN_UNGUARDED_AVAILABILITY = YES_AGGRESSIVE;
				CLANG_WARN_UNREACHABLE_CODE = YES;
				CLANG_WARN__DUPLICATE_METHOD_MATCH = YES;
				CODE_SIGN_IDENTITY = "iPhone Developer";
				COPY_PHASE_STRIP = NO;
				DEBUG_INFORMATION_FORMAT = dwarf;
				ENABLE_STRICT_OBJC_MSGSEND = YES;
				ENABLE_TESTABILITY = YES;
				GCC_C_LANGUAGE_STANDARD = gnu11;
				GCC_DYNAMIC_NO_PIC = NO;
				GCC_NO_COMMON_BLOCKS = YES;
				GCC_OPTIMIZATION_LEVEL = 0;
				GCC_PREPROCESSOR_DEFINITIONS = (
					"DEBUG=1",
					"$(inherited)",
				);
				GCC_WARN_64_TO_32_BIT_CONVERSION = YES;
				GCC_WARN_ABOUT_RETURN_TYPE = YES_ERROR;
				GCC_WARN_UNDECLARED_SELECTOR = YES;
				GCC_WARN_UNINITIALIZED_AUTOS = YES_AGGRESSIVE;
				GCC_WARN_UNUSED_FUNCTION = YES;
				GCC_WARN_UNUSED_VARIABLE = YES;
				IPHONEOS_DEPLOYMENT_TARGET = 11.2;
				MTL_ENABLE_DEBUG_INFO = YES;
				ONLY_ACTIVE_ARCH = YES;
				SDKROOT = iphoneos;
				SWIFT_ACTIVE_COMPILATION_CONDITIONS = DEBUG;
				SWIFT_OPTIMIZATION_LEVEL = "-Onone";
			};
			name = Debug;
		};
		928F15D0202EB7F500F72D62 /* Release */ = {
			isa = XCBuildConfiguration;
			buildSettings = {
				ALWAYS_SEARCH_USER_PATHS = NO;
				CLANG_ANALYZER_NONNULL = YES;
				CLANG_ANALYZER_NUMBER_OBJECT_CONVERSION = YES_AGGRESSIVE;
				CLANG_CXX_LANGUAGE_STANDARD = "gnu++14";
				CLANG_CXX_LIBRARY = "libc++";
				CLANG_ENABLE_MODULES = YES;
				CLANG_ENABLE_OBJC_ARC = YES;
				CLANG_WARN_BLOCK_CAPTURE_AUTORELEASING = YES;
				CLANG_WARN_BOOL_CONVERSION = YES;
				CLANG_WARN_COMMA = YES;
				CLANG_WARN_CONSTANT_CONVERSION = YES;
				CLANG_WARN_DIRECT_OBJC_ISA_USAGE = YES_ERROR;
				CLANG_WARN_DOCUMENTATION_COMMENTS = YES;
				CLANG_WARN_EMPTY_BODY = YES;
				CLANG_WARN_ENUM_CONVERSION = YES;
				CLANG_WARN_INFINITE_RECURSION = YES;
				CLANG_WARN_INT_CONVERSION = YES;
				CLANG_WARN_NON_LITERAL_NULL_CONVERSION = YES;
				CLANG_WARN_OBJC_LITERAL_CONVERSION = YES;
				CLANG_WARN_OBJC_ROOT_CLASS = YES_ERROR;
				CLANG_WARN_RANGE_LOOP_ANALYSIS = YES;
				CLANG_WARN_STRICT_PROTOTYPES = YES;
				CLANG_WARN_SUSPICIOUS_MOVE = YES;
				CLANG_WARN_UNGUARDED_AVAILABILITY = YES_AGGRESSIVE;
				CLANG_WARN_UNREACHABLE_CODE = YES;
				CLANG_WARN__DUPLICATE_METHOD_MATCH = YES;
				CODE_SIGN_IDENTITY = "iPhone Developer";
				COPY_PHASE_STRIP = NO;
				DEBUG_INFORMATION_FORMAT = "dwarf-with-dsym";
				ENABLE_NS_ASSERTIONS = NO;
				ENABLE_STRICT_OBJC_MSGSEND = YES;
				GCC_C_LANGUAGE_STANDARD = gnu11;
				GCC_NO_COMMON_BLOCKS = YES;
				GCC_WARN_64_TO_32_BIT_CONVERSION = YES;
				GCC_WARN_ABOUT_RETURN_TYPE = YES_ERROR;
				GCC_WARN_UNDECLARED_SELECTOR = YES;
				GCC_WARN_UNINITIALIZED_AUTOS = YES_AGGRESSIVE;
				GCC_WARN_UNUSED_FUNCTION = YES;
				GCC_WARN_UNUSED_VARIABLE = YES;
				IPHONEOS_DEPLOYMENT_TARGET = 11.2;
				MTL_ENABLE_DEBUG_INFO = NO;
				SDKROOT = iphoneos;
				SWIFT_OPTIMIZATION_LEVEL = "-Owholemodule";
				VALIDATE_PRODUCT = YES;
			};
			name = Release;
		};
		928F15D2202EB7F500F72D62 /* Debug */ = {
			isa = XCBuildConfiguration;
			buildSettings = {
				ASSETCATALOG_COMPILER_APPICON_NAME = AppIcon;
				CODE_SIGN_STYLE = Automatic;
				INFOPLIST_FILE = "Image Gallery/Info.plist";
				IPHONEOS_DEPLOYMENT_TARGET = 11.1;
				LD_RUNPATH_SEARCH_PATHS = "$(inherited) @executable_path/Frameworks";
				PRODUCT_BUNDLE_IDENTIFIER = "com.denisavdeev.Image-Gallery";
				PRODUCT_NAME = "$(TARGET_NAME)";
				SWIFT_VERSION = 4.0;
				TARGETED_DEVICE_FAMILY = 2;
			};
			name = Debug;
		};
		928F15D3202EB7F500F72D62 /* Release */ = {
			isa = XCBuildConfiguration;
			buildSettings = {
				ASSETCATALOG_COMPILER_APPICON_NAME = AppIcon;
				CODE_SIGN_STYLE = Automatic;
				INFOPLIST_FILE = "Image Gallery/Info.plist";
				IPHONEOS_DEPLOYMENT_TARGET = 11.1;
				LD_RUNPATH_SEARCH_PATHS = "$(inherited) @executable_path/Frameworks";
				PRODUCT_BUNDLE_IDENTIFIER = "com.denisavdeev.Image-Gallery";
				PRODUCT_NAME = "$(TARGET_NAME)";
				SWIFT_VERSION = 4.0;
				TARGETED_DEVICE_FAMILY = 2;
			};
			name = Release;
		};
/* End XCBuildConfiguration section */

/* Begin XCConfigurationList section */
		928F15BA202EB7F500F72D62 /* Build configuration list for PBXProject "Image Gallery" */ = {
			isa = XCConfigurationList;
			buildConfigurations = (
				928F15CF202EB7F500F72D62 /* Debug */,
				928F15D0202EB7F500F72D62 /* Release */,
			);
			defaultConfigurationIsVisible = 0;
			defaultConfigurationName = Release;
		};
		928F15D1202EB7F500F72D62 /* Build configuration list for PBXNativeTarget "Image Gallery" */ = {
			isa = XCConfigurationList;
			buildConfigurations = (
				928F15D2202EB7F500F72D62 /* Debug */,
				928F15D3202EB7F500F72D62 /* Release */,
			);
			defaultConfigurationIsVisible = 0;
			defaultConfigurationName = Release;
		};
/* End XCConfigurationList section */
	};
	rootObject = 928F15B7202EB7F500F72D62 /* Project object */;
}
